
Microsoft Visual Studio Solution File, Format Version 12.00
# Visual Studio 14
VisualStudioVersion = 14.0.25420.1
MinimumVisualStudioVersion = 10.0.40219.1
Project("{FAE04EC0-301F-11D3-BF4B-00C04F79EFBC}") = "AJN.Jonesy.Website", "AJN.Jonesy.Website\AJN.Jonesy.Website.csproj", "{5A082A4E-99F1-472D-9C5E-757D47F19144}"
EndProject
Project("{FAE04EC0-301F-11D3-BF4B-00C04F79EFBC}") = "AJN.Jonesy.Model", "AJN.Jonesy.Model\AJN.Jonesy.Model.csproj", "{5C9F8D50-9868-4EFA-A9D7-BB1F511A5A79}"
EndProject
Project("{FAE04EC0-301F-11D3-BF4B-00C04F79EFBC}") = "AJN.Jonesy.Business", "AJN.Jonesy.Business\AJN.Jonesy.Business.csproj", "{1F489353-6F37-415D-A4E2-36583BDB9C09}"
EndProject
Project("{FAE04EC0-301F-11D3-BF4B-00C04F79EFBC}") = "AJN.Jonesy.Scraper", "AJN.Jonesy.Scraper\AJN.Jonesy.Scraper.csproj", "{72299C19-F659-47FB-A8E4-DFD4650A7554}"
EndProject
Project("{FAE04EC0-301F-11D3-BF4B-00C04F79EFBC}") = "AJN.Jonesy.Common", "AJN.Jonesy.Common\AJN.Jonesy.Common.csproj", "{4DB31161-1E5F-488F-8263-9B6E5B75B5B8}"
EndProject
Project("{FAE04EC0-301F-11D3-BF4B-00C04F79EFBC}") = "AJN.Jonesy.Common.UnitTests", "AJN.Jonesy.Common.UnitTests\AJN.Jonesy.Common.UnitTests.csproj", "{9C1875ED-BC82-4136-B7E2-91027EB8B480}"
EndProject
Project("{FAE04EC0-301F-11D3-BF4B-00C04F79EFBC}") = "AJN.Jonesy.Business.UnitTests", "AJN.Jonesy.Business.UnitTests\AJN.Jonesy.Business.UnitTests.csproj", "{04928FF7-CF5B-4514-9F36-444CF7A49852}"
EndProject
Global
	GlobalSection(SolutionConfigurationPlatforms) = preSolution
		Debug|Any CPU = Debug|Any CPU
		Release|Any CPU = Release|Any CPU
	EndGlobalSection
	GlobalSection(ProjectConfigurationPlatforms) = postSolution
		{5A082A4E-99F1-472D-9C5E-757D47F19144}.Debug|Any CPU.ActiveCfg = Debug|Any CPU
		{5A082A4E-99F1-472D-9C5E-757D47F19144}.Debug|Any CPU.Build.0 = Debug|Any CPU
		{5A082A4E-99F1-472D-9C5E-757D47F19144}.Release|Any CPU.ActiveCfg = Release|Any CPU
		{5A082A4E-99F1-472D-9C5E-757D47F19144}.Release|Any CPU.Build.0 = Release|Any CPU
		{5C9F8D50-9868-4EFA-A9D7-BB1F511A5A79}.Debug|Any CPU.ActiveCfg = Debug|Any CPU
		{5C9F8D50-9868-4EFA-A9D7-BB1F511A5A79}.Debug|Any CPU.Build.0 = Debug|Any CPU
		{5C9F8D50-9868-4EFA-A9D7-BB1F511A5A79}.Release|Any CPU.ActiveCfg = Release|Any CPU
		{5C9F8D50-9868-4EFA-A9D7-BB1F511A5A79}.Release|Any CPU.Build.0 = Release|Any CPU
		{1F489353-6F37-415D-A4E2-36583BDB9C09}.Debug|Any CPU.ActiveCfg = Debug|Any CPU
		{1F489353-6F37-415D-A4E2-36583BDB9C09}.Debug|Any CPU.Build.0 = Debug|Any CPU
		{1F489353-6F37-415D-A4E2-36583BDB9C09}.Release|Any CPU.ActiveCfg = Release|Any CPU
		{1F489353-6F37-415D-A4E2-36583BDB9C09}.Release|Any CPU.Build.0 = Release|Any CPU
		{72299C19-F659-47FB-A8E4-DFD4650A7554}.Debug|Any CPU.ActiveCfg = Debug|Any CPU
		{72299C19-F659-47FB-A8E4-DFD4650A7554}.Debug|Any CPU.Build.0 = Debug|Any CPU
		{72299C19-F659-47FB-A8E4-DFD4650A7554}.Release|Any CPU.ActiveCfg = Release|Any CPU
		{72299C19-F659-47FB-A8E4-DFD4650A7554}.Release|Any CPU.Build.0 = Release|Any CPU
		{4DB31161-1E5F-488F-8263-9B6E5B75B5B8}.Debug|Any CPU.ActiveCfg = Debug|Any CPU
		{4DB31161-1E5F-488F-8263-9B6E5B75B5B8}.Debug|Any CPU.Build.0 = Debug|Any CPU
		{4DB31161-1E5F-488F-8263-9B6E5B75B5B8}.Release|Any CPU.ActiveCfg = Release|Any CPU
		{4DB31161-1E5F-488F-8263-9B6E5B75B5B8}.Release|Any CPU.Build.0 = Release|Any CPU
		{9C1875ED-BC82-4136-B7E2-91027EB8B480}.Debug|Any CPU.ActiveCfg = Debug|Any CPU
		{9C1875ED-BC82-4136-B7E2-91027EB8B480}.Debug|Any CPU.Build.0 = Debug|Any CPU
		{9C1875ED-BC82-4136-B7E2-91027EB8B480}.Release|Any CPU.ActiveCfg = Release|Any CPU
		{9C1875ED-BC82-4136-B7E2-91027EB8B480}.Release|Any CPU.Build.0 = Release|Any CPU
		{04928FF7-CF5B-4514-9F36-444CF7A49852}.Debug|Any CPU.ActiveCfg = Debug|Any CPU
		{04928FF7-CF5B-4514-9F36-444CF7A49852}.Debug|Any CPU.Build.0 = Debug|Any CPU
		{04928FF7-CF5B-4514-9F36-444CF7A49852}.Release|Any CPU.ActiveCfg = Release|Any CPU
		{04928FF7-CF5B-4514-9F36-444CF7A49852}.Release|Any CPU.Build.0 = Release|Any CPU
	EndGlobalSection
	GlobalSection(SolutionProperties) = preSolution
		HideSolutionNode = FALSE
	EndGlobalSection
EndGlobal
